
Microsoft Visual Studio Solution File, Format Version 12.00
# Visual Studio Version 16
VisualStudioVersion = 16.0.31019.35
MinimumVisualStudioVersion = 10.0.40219.1
Project("{9A19103F-16F7-4668-BE54-9A1E7A4F7556}") = "Ex7Roulette", "Ex7Roulette.csproj", "{F20A7697-164A-4339-B589-526173BECAD8}"
EndProject
Project("{2150E333-8FDC-42A3-9474-1A3956D46DE8}") = "Solution Items", "Solution Items", "{F43E0277-259E-4EE4-96DD-37DA7E806CF0}"
	ProjectSection(SolutionItems) = preProject
		bin\Debug\netcoreapp3.1\morty.wav.wav = bin\Debug\netcoreapp3.1\morty.wav.wav
	EndProjectSection
EndProject
Global
	GlobalSection(SolutionConfigurationPlatforms) = preSolution
		Debug|Any CPU = Debug|Any CPU
		Release|Any CPU = Release|Any CPU
	EndGlobalSection
	GlobalSection(ProjectConfigurationPlatforms) = postSolution
		{F20A7697-164A-4339-B589-526173BECAD8}.Debug|Any CPU.ActiveCfg = Debug|Any CPU
		{F20A7697-164A-4339-B589-526173BECAD8}.Debug|Any CPU.Build.0 = Debug|Any CPU
		{F20A7697-164A-4339-B589-526173BECAD8}.Release|Any CPU.ActiveCfg = Release|Any CPU
		{F20A7697-164A-4339-B589-526173BECAD8}.Release|Any CPU.Build.0 = Release|Any CPU
	EndGlobalSection
	GlobalSection(SolutionProperties) = preSolution
		HideSolutionNode = FALSE
	EndGlobalSection
	GlobalSection(ExtensibilityGlobals) = postSolution
		SolutionGuid = {351BB72E-CDD7-4C88-BCEE-FCE81A6F12D4}
	EndGlobalSection
EndGlobal
